
Microsoft Visual Studio Solution File, Format Version 12.00
# Visual Studio 14
VisualStudioVersion = 14.0.25123.0
MinimumVisualStudioVersion = 10.0.40219.1
Project("{FAE04EC0-301F-11D3-BF4B-00C04F79EFBC}") = "USBBurner", "USBBurner\USBBurner.csproj", "{101005AD-DDB8-492B-861D-C569BCB09130}"
EndProject
Project("{FAE04EC0-301F-11D3-BF4B-00C04F79EFBC}") = "Installer", "Installer\Installer.csproj", "{A0454876-A66C-4F9D-9603-54F8EA9CBBFC}"
EndProject
Project("{FAE04EC0-301F-11D3-BF4B-00C04F79EFBC}") = "KeyGen", "KeyGen\KeyGen.csproj", "{5322D8C8-8900-48CE-B0C8-304CC760552F}"
EndProject
Global
	GlobalSection(SolutionConfigurationPlatforms) = preSolution
		Debug|Any CPU = Debug|Any CPU
		Release|Any CPU = Release|Any CPU
	EndGlobalSection
	GlobalSection(ProjectConfigurationPlatforms) = postSolution
		{101005AD-DDB8-492B-861D-C569BCB09130}.Debug|Any CPU.ActiveCfg = Debug|Any CPU
		{101005AD-DDB8-492B-861D-C569BCB09130}.Debug|Any CPU.Build.0 = Debug|Any CPU
		{101005AD-DDB8-492B-861D-C569BCB09130}.Release|Any CPU.ActiveCfg = Release|Any CPU
		{101005AD-DDB8-492B-861D-C569BCB09130}.Release|Any CPU.Build.0 = Release|Any CPU
		{A0454876-A66C-4F9D-9603-54F8EA9CBBFC}.Debug|Any CPU.ActiveCfg = Debug|Any CPU
		{A0454876-A66C-4F9D-9603-54F8EA9CBBFC}.Debug|Any CPU.Build.0 = Debug|Any CPU
		{A0454876-A66C-4F9D-9603-54F8EA9CBBFC}.Release|Any CPU.ActiveCfg = Release|Any CPU
		{A0454876-A66C-4F9D-9603-54F8EA9CBBFC}.Release|Any CPU.Build.0 = Release|Any CPU
		{5322D8C8-8900-48CE-B0C8-304CC760552F}.Debug|Any CPU.ActiveCfg = Debug|Any CPU
		{5322D8C8-8900-48CE-B0C8-304CC760552F}.Debug|Any CPU.Build.0 = Debug|Any CPU
		{5322D8C8-8900-48CE-B0C8-304CC760552F}.Release|Any CPU.ActiveCfg = Release|Any CPU
		{5322D8C8-8900-48CE-B0C8-304CC760552F}.Release|Any CPU.Build.0 = Release|Any CPU
	EndGlobalSection
	GlobalSection(SolutionProperties) = preSolution
		HideSolutionNode = FALSE
	EndGlobalSection
EndGlobal
